
Microsoft Visual Studio Solution File, Format Version 12.00
# Visual Studio Version 16
VisualStudioVersion = 16.0.33328.57
MinimumVisualStudioVersion = 10.0.40219.1
Project("{9A19103F-16F7-4668-BE54-9A1E7A4F7556}") = "CoffeeShop.BLL", "CoffeeShop.BLL\CoffeeShop.BLL.csproj", "{7375CF51-5A28-4D16-9163-44259A522343}"
EndProject
Project("{9A19103F-16F7-4668-BE54-9A1E7A4F7556}") = "CoffeeShop.DAL", "CoffeeShop.DAL\CoffeeShop.DAL.csproj", "{604A4084-A0EA-4DC6-B3DB-000E568DA4B6}"
EndProject
Project("{9A19103F-16F7-4668-BE54-9A1E7A4F7556}") = "CoffeeShop.WebAPI", "CoffeeShop.WebAPI\CoffeeShop.WebAPI.csproj", "{CA912B43-C070-4DF8-B41D-AAEA0E6A5C33}"
EndProject
Project("{9A19103F-16F7-4668-BE54-9A1E7A4F7556}") = "CoffeeShop.WebAdmin", "CoffeeShop.WebAdmin\CoffeeShop.WebAdmin.csproj", "{BB2AE6D2-87AE-4830-B7D8-2140D13922DC}"
EndProject
Project("{FAE04EC0-301F-11D3-BF4B-00C04F79EFBC}") = "CoffeeShop.UI", "CoffeeShop.UI\CoffeeShop.UI.csproj", "{E9A90B1E-436B-42DC-A92B-8E006E5082D7}"
EndProject
Global
	GlobalSection(SolutionConfigurationPlatforms) = preSolution
		Debug|Any CPU = Debug|Any CPU
		Release|Any CPU = Release|Any CPU
	EndGlobalSection
	GlobalSection(ProjectConfigurationPlatforms) = postSolution
		{7375CF51-5A28-4D16-9163-44259A522343}.Debug|Any CPU.ActiveCfg = Debug|Any CPU
		{7375CF51-5A28-4D16-9163-44259A522343}.Debug|Any CPU.Build.0 = Debug|Any CPU
		{7375CF51-5A28-4D16-9163-44259A522343}.Release|Any CPU.ActiveCfg = Release|Any CPU
		{7375CF51-5A28-4D16-9163-44259A522343}.Release|Any CPU.Build.0 = Release|Any CPU
		{604A4084-A0EA-4DC6-B3DB-000E568DA4B6}.Debug|Any CPU.ActiveCfg = Debug|Any CPU
		{604A4084-A0EA-4DC6-B3DB-000E568DA4B6}.Debug|Any CPU.Build.0 = Debug|Any CPU
		{604A4084-A0EA-4DC6-B3DB-000E568DA4B6}.Release|Any CPU.ActiveCfg = Release|Any CPU
		{604A4084-A0EA-4DC6-B3DB-000E568DA4B6}.Release|Any CPU.Build.0 = Release|Any CPU
		{CA912B43-C070-4DF8-B41D-AAEA0E6A5C33}.Debug|Any CPU.ActiveCfg = Debug|Any CPU
		{CA912B43-C070-4DF8-B41D-AAEA0E6A5C33}.Debug|Any CPU.Build.0 = Debug|Any CPU
		{CA912B43-C070-4DF8-B41D-AAEA0E6A5C33}.Release|Any CPU.ActiveCfg = Release|Any CPU
		{CA912B43-C070-4DF8-B41D-AAEA0E6A5C33}.Release|Any CPU.Build.0 = Release|Any CPU
		{BB2AE6D2-87AE-4830-B7D8-2140D13922DC}.Debug|Any CPU.ActiveCfg = Debug|Any CPU
		{BB2AE6D2-87AE-4830-B7D8-2140D13922DC}.Debug|Any CPU.Build.0 = Debug|Any CPU
		{BB2AE6D2-87AE-4830-B7D8-2140D13922DC}.Release|Any CPU.ActiveCfg = Release|Any CPU
		{BB2AE6D2-87AE-4830-B7D8-2140D13922DC}.Release|Any CPU.Build.0 = Release|Any CPU
		{E9A90B1E-436B-42DC-A92B-8E006E5082D7}.Debug|Any CPU.ActiveCfg = Debug|Any CPU
		{E9A90B1E-436B-42DC-A92B-8E006E5082D7}.Debug|Any CPU.Build.0 = Debug|Any CPU
		{E9A90B1E-436B-42DC-A92B-8E006E5082D7}.Release|Any CPU.ActiveCfg = Release|Any CPU
		{E9A90B1E-436B-42DC-A92B-8E006E5082D7}.Release|Any CPU.Build.0 = Release|Any CPU
	EndGlobalSection
	GlobalSection(SolutionProperties) = preSolution
		HideSolutionNode = FALSE
	EndGlobalSection
	GlobalSection(ExtensibilityGlobals) = postSolution
		SolutionGuid = {74F12C28-2F4F-489F-AF49-663FFEE24E81}
	EndGlobalSection
EndGlobal
